
Microsoft Visual Studio Solution File, Format Version 12.00
# Visual Studio Version 17
VisualStudioVersion = 17.14.36915.13 d17.14
MinimumVisualStudioVersion = 10.0.40219.1
Project("{FAE04EC0-301F-11D3-BF4B-00C04F79EFBC}") = "sharecare_backend", "sharecare_backend.csproj", "{6B3CDE0A-CDC5-467C-840E-9804EE6FD483}"
EndProject
Global
	GlobalSection(SolutionConfigurationPlatforms) = preSolution
		Debug|Any CPU = Debug|Any CPU
		Release|Any CPU = Release|Any CPU
	EndGlobalSection
	GlobalSection(ProjectConfigurationPlatforms) = postSolution
		{6B3CDE0A-CDC5-467C-840E-9804EE6FD483}.Debug|Any CPU.ActiveCfg = Debug|Any CPU
		{6B3CDE0A-CDC5-467C-840E-9804EE6FD483}.Debug|Any CPU.Build.0 = Debug|Any CPU
		{6B3CDE0A-CDC5-467C-840E-9804EE6FD483}.Release|Any CPU.ActiveCfg = Release|Any CPU
		{6B3CDE0A-CDC5-467C-840E-9804EE6FD483}.Release|Any CPU.Build.0 = Release|Any CPU
	EndGlobalSection
	GlobalSection(SolutionProperties) = preSolution
		HideSolutionNode = FALSE
	EndGlobalSection
	GlobalSection(ExtensibilityGlobals) = postSolution
		SolutionGuid = {A99A34D6-43B4-48D6-81D9-71FF84A6A6CD}
	EndGlobalSection
EndGlobal
